{
  "name": "qnap-store",
  "version": "1.0.0",
  "lockfileVersion": 1,
  "requires": true,
  "dependencies": {
    "@pdulvp/fsh": {
      "version": "1.0.0",
      "resolved": "https://npm.pkg.github.com/download/@pdulvp/fsh/1.0.0/03fac63480b27a0333632273578e67ec3ca1622c5d72be9a5f3aab38c19ee7ce",
      "integrity": "sha512-Wzg2Z25SiWko8LLTCm5fWGaDeOZX+dsn7ng745F/Teq4Gr1gu/VOGA/fUqA3Lg4BFNKzhk4n8GSZyo86R8ZPYQ=="
    }
  }
}
